<?xml version="1.0" encoding="UTF-8" standalone="yes" ?>
<CodeBlocks_project_file>
	<FileVersion major="1" minor="6" />
	<Project>
		<Option title="Notes" />
		<Option pch_mode="2" />
		<Option compiler="gcc" />
		<Build>
			<Target title="Release">
				<Option output="/usr/bin/xulrunner" prefix_auto="1" extension_auto="1" />
				<Option object_output="/mnt/c/xul/notes2/.objs" />
				<Option type="1" />
				<Option compiler="gcc" />
				<Option parameters="-app application.ini" />
				<Option host_application="xulrunner" />
				<Compiler>
					<Add option="-O2" />
				</Compiler>
				<Linker>
					<Add option="-s" />
				</Linker>
			</Target>
		</Build>
		<Compiler>
			<Add option="-Wall" />
		</Compiler>
		<Unit filename="application.ini" />
		<Unit filename="chrome/content/main.xul" />
		<Unit filename="chrome/content/nb.js" />
		<Unit filename="chrome/content/nb.xul" />
		<Unit filename="chrome/content/nb_note.xul" />
		<Unit filename="chrome/content/nb_xul.js" />
		<Unit filename="chrome/content/sqlite.js" />
		<Unit filename="chrome/content/vTree0.js" />
		<Unit filename="chrome/content/vs0.js" />
		<Unit filename="readme.txt" />
		<Extensions>
			<envvars />
			<code_completion />
			<debugger />
			<lib_finder disable_auto="1" />
		</Extensions>
	</Project>
</CodeBlocks_project_file>
